
Microsoft Visual Studio Solution File, Format Version 12.00
# Visual Studio 15
VisualStudioVersion = 15.0.27428.2015
MinimumVisualStudioVersion = 10.0.40219.1
Project("{FAE04EC0-301F-11D3-BF4B-00C04F79EFBC}") = "Tsa.CodingChallenge.Submissions.Core", "Tsa.CodingChallenge.Submissions.Core\Tsa.CodingChallenge.Submissions.Core.csproj", "{CA34CE92-6C08-4174-ABCF-C2278B18CD7D}"
EndProject
Project("{00D1A9C2-B5F0-4AF3-8072-F6C62B433612}") = "Tsa.CodingChallenge.Submissions.Database", "Tsa.CodingChallenge.Submissions.Database\Tsa.CodingChallenge.Submissions.Database.sqlproj", "{A83A6824-5122-44D3-B05F-C4E9181085A5}"
EndProject
Project("{FAE04EC0-301F-11D3-BF4B-00C04F79EFBC}") = "Tsa.CodingChallenge.Submissions.Mvc", "Tsa.CodingChallenge.Submissions.Mvc\Tsa.CodingChallenge.Submissions.Mvc.csproj", "{A2B36D34-5A0B-4659-AE12-A249DBD31198}"
EndProject
Global
	GlobalSection(SolutionConfigurationPlatforms) = preSolution
		Debug|Any CPU = Debug|Any CPU
		Release|Any CPU = Release|Any CPU
	EndGlobalSection
	GlobalSection(ProjectConfigurationPlatforms) = postSolution
		{CA34CE92-6C08-4174-ABCF-C2278B18CD7D}.Debug|Any CPU.ActiveCfg = Debug|Any CPU
		{CA34CE92-6C08-4174-ABCF-C2278B18CD7D}.Debug|Any CPU.Build.0 = Debug|Any CPU
		{CA34CE92-6C08-4174-ABCF-C2278B18CD7D}.Release|Any CPU.ActiveCfg = Release|Any CPU
		{CA34CE92-6C08-4174-ABCF-C2278B18CD7D}.Release|Any CPU.Build.0 = Release|Any CPU
		{A83A6824-5122-44D3-B05F-C4E9181085A5}.Debug|Any CPU.ActiveCfg = Debug|Any CPU
		{A83A6824-5122-44D3-B05F-C4E9181085A5}.Debug|Any CPU.Build.0 = Debug|Any CPU
		{A83A6824-5122-44D3-B05F-C4E9181085A5}.Debug|Any CPU.Deploy.0 = Debug|Any CPU
		{A83A6824-5122-44D3-B05F-C4E9181085A5}.Release|Any CPU.ActiveCfg = Release|Any CPU
		{A83A6824-5122-44D3-B05F-C4E9181085A5}.Release|Any CPU.Build.0 = Release|Any CPU
		{A83A6824-5122-44D3-B05F-C4E9181085A5}.Release|Any CPU.Deploy.0 = Release|Any CPU
		{A2B36D34-5A0B-4659-AE12-A249DBD31198}.Debug|Any CPU.ActiveCfg = Debug|Any CPU
		{A2B36D34-5A0B-4659-AE12-A249DBD31198}.Debug|Any CPU.Build.0 = Debug|Any CPU
		{A2B36D34-5A0B-4659-AE12-A249DBD31198}.Release|Any CPU.ActiveCfg = Release|Any CPU
		{A2B36D34-5A0B-4659-AE12-A249DBD31198}.Release|Any CPU.Build.0 = Release|Any CPU
	EndGlobalSection
	GlobalSection(SolutionProperties) = preSolution
		HideSolutionNode = FALSE
	EndGlobalSection
	GlobalSection(ExtensibilityGlobals) = postSolution
		SolutionGuid = {B4A7395F-EA12-45E5-9A2E-E1831A81EFE3}
	EndGlobalSection
EndGlobal
