
Microsoft Visual Studio Solution File, Format Version 12.00
# Visual Studio Version 16
VisualStudioVersion = 16.0.28729.10
MinimumVisualStudioVersion = 15.0.26124.0
Project("{2150E333-8FDC-42A3-9474-1A3956D46DE8}") = "docker", "docker", "{32F120DA-901A-494E-9266-4C99E2F9D044}"
	ProjectSection(SolutionItems) = preProject
		.dockerignore = .dockerignore
	EndProjectSection
EndProject
Project("{2150E333-8FDC-42A3-9474-1A3956D46DE8}") = "database", "database", "{C32CA506-40CB-4441-AE07-C44F9246FF27}"
	ProjectSection(SolutionItems) = preProject
		docker\database\Dockerfile = docker\database\Dockerfile
	EndProjectSection
EndProject
Project("{2150E333-8FDC-42A3-9474-1A3956D46DE8}") = "submissions", "submissions", "{42019BBC-F2F5-4EB6-B40E-EBDD30FB10E5}"
EndProject
Project("{2150E333-8FDC-42A3-9474-1A3956D46DE8}") = "csharp", "csharp", "{36E2B67D-3771-4DFD-A0E5-AE74583B205F}"
	ProjectSection(SolutionItems) = preProject
		submissions\csharp\ProblemOne.cs = submissions\csharp\ProblemOne.cs
	EndProjectSection
EndProject
Project("{9A19103F-16F7-4668-BE54-9A1E7A4F7556}") = "Tsa.CodingChallenge.Submissions.Blazor", "Tsa.CodingChallenge.Submissions.Blazor\Tsa.CodingChallenge.Submissions.Blazor.csproj", "{2DA22191-B912-4984-8201-AEEE596ED7FE}"
EndProject
Project("{9A19103F-16F7-4668-BE54-9A1E7A4F7556}") = "Tsa.CodingChallenge.Submissions.WebApi", "Tsa.CodingChallenge.Submissions.WebApi\Tsa.CodingChallenge.Submissions.WebApi.csproj", "{86B12861-73DD-4CBD-9BEA-95685C991BE4}"
EndProject
Project("{9A19103F-16F7-4668-BE54-9A1E7A4F7556}") = "Tsa.CodingChallenge.Submissions.Core", "Tsa.CodingChallenge.Submissions.Core\Tsa.CodingChallenge.Submissions.Core.csproj", "{486B42BB-D014-4EBF-A011-1AF050E241B7}"
EndProject
Project("{00D1A9C2-B5F0-4AF3-8072-F6C62B433612}") = "Tsa.CodingChallenge.Submissions.Database", "Tsa.CodingChallenge.Submissions.Database\Tsa.CodingChallenge.Submissions.Database.sqlproj", "{A83A6824-5122-44D3-B05F-C4E9181085A5}"
EndProject
Project("{2150E333-8FDC-42A3-9474-1A3956D46DE8}") = "scripts", "scripts", "{3F3AE1AC-38B0-4A9E-BF1B-2931755C8A6A}"
	ProjectSection(SolutionItems) = preProject
		docker\database\scripts\create-sql-database.sh = docker\database\scripts\create-sql-database.sh
	EndProjectSection
EndProject
Project("{2150E333-8FDC-42A3-9474-1A3956D46DE8}") = "pipeline", "pipeline", "{21EF6158-E644-469C-8A82-138EED4D9E90}"
	ProjectSection(SolutionItems) = preProject
		pipeline\azdos-pipeline.yaml = pipeline\azdos-pipeline.yaml
	EndProjectSection
EndProject
Global
	GlobalSection(SolutionConfigurationPlatforms) = preSolution
		Debug|Any CPU = Debug|Any CPU
		Debug|x64 = Debug|x64
		Debug|x86 = Debug|x86
		Release|Any CPU = Release|Any CPU
		Release|x64 = Release|x64
		Release|x86 = Release|x86
	EndGlobalSection
	GlobalSection(ProjectConfigurationPlatforms) = postSolution
		{2DA22191-B912-4984-8201-AEEE596ED7FE}.Debug|Any CPU.ActiveCfg = Debug|Any CPU
		{2DA22191-B912-4984-8201-AEEE596ED7FE}.Debug|Any CPU.Build.0 = Debug|Any CPU
		{2DA22191-B912-4984-8201-AEEE596ED7FE}.Debug|x64.ActiveCfg = Debug|Any CPU
		{2DA22191-B912-4984-8201-AEEE596ED7FE}.Debug|x64.Build.0 = Debug|Any CPU
		{2DA22191-B912-4984-8201-AEEE596ED7FE}.Debug|x86.ActiveCfg = Debug|Any CPU
		{2DA22191-B912-4984-8201-AEEE596ED7FE}.Debug|x86.Build.0 = Debug|Any CPU
		{2DA22191-B912-4984-8201-AEEE596ED7FE}.Release|Any CPU.ActiveCfg = Release|Any CPU
		{2DA22191-B912-4984-8201-AEEE596ED7FE}.Release|Any CPU.Build.0 = Release|Any CPU
		{2DA22191-B912-4984-8201-AEEE596ED7FE}.Release|x64.ActiveCfg = Release|Any CPU
		{2DA22191-B912-4984-8201-AEEE596ED7FE}.Release|x64.Build.0 = Release|Any CPU
		{2DA22191-B912-4984-8201-AEEE596ED7FE}.Release|x86.ActiveCfg = Release|Any CPU
		{2DA22191-B912-4984-8201-AEEE596ED7FE}.Release|x86.Build.0 = Release|Any CPU
		{86B12861-73DD-4CBD-9BEA-95685C991BE4}.Debug|Any CPU.ActiveCfg = Debug|Any CPU
		{86B12861-73DD-4CBD-9BEA-95685C991BE4}.Debug|Any CPU.Build.0 = Debug|Any CPU
		{86B12861-73DD-4CBD-9BEA-95685C991BE4}.Debug|x64.ActiveCfg = Debug|Any CPU
		{86B12861-73DD-4CBD-9BEA-95685C991BE4}.Debug|x64.Build.0 = Debug|Any CPU
		{86B12861-73DD-4CBD-9BEA-95685C991BE4}.Debug|x86.ActiveCfg = Debug|Any CPU
		{86B12861-73DD-4CBD-9BEA-95685C991BE4}.Debug|x86.Build.0 = Debug|Any CPU
		{86B12861-73DD-4CBD-9BEA-95685C991BE4}.Release|Any CPU.ActiveCfg = Release|Any CPU
		{86B12861-73DD-4CBD-9BEA-95685C991BE4}.Release|Any CPU.Build.0 = Release|Any CPU
		{86B12861-73DD-4CBD-9BEA-95685C991BE4}.Release|x64.ActiveCfg = Release|Any CPU
		{86B12861-73DD-4CBD-9BEA-95685C991BE4}.Release|x64.Build.0 = Release|Any CPU
		{86B12861-73DD-4CBD-9BEA-95685C991BE4}.Release|x86.ActiveCfg = Release|Any CPU
		{86B12861-73DD-4CBD-9BEA-95685C991BE4}.Release|x86.Build.0 = Release|Any CPU
		{486B42BB-D014-4EBF-A011-1AF050E241B7}.Debug|Any CPU.ActiveCfg = Debug|Any CPU
		{486B42BB-D014-4EBF-A011-1AF050E241B7}.Debug|Any CPU.Build.0 = Debug|Any CPU
		{486B42BB-D014-4EBF-A011-1AF050E241B7}.Debug|x64.ActiveCfg = Debug|Any CPU
		{486B42BB-D014-4EBF-A011-1AF050E241B7}.Debug|x64.Build.0 = Debug|Any CPU
		{486B42BB-D014-4EBF-A011-1AF050E241B7}.Debug|x86.ActiveCfg = Debug|Any CPU
		{486B42BB-D014-4EBF-A011-1AF050E241B7}.Debug|x86.Build.0 = Debug|Any CPU
		{486B42BB-D014-4EBF-A011-1AF050E241B7}.Release|Any CPU.ActiveCfg = Release|Any CPU
		{486B42BB-D014-4EBF-A011-1AF050E241B7}.Release|Any CPU.Build.0 = Release|Any CPU
		{486B42BB-D014-4EBF-A011-1AF050E241B7}.Release|x64.ActiveCfg = Release|Any CPU
		{486B42BB-D014-4EBF-A011-1AF050E241B7}.Release|x64.Build.0 = Release|Any CPU
		{486B42BB-D014-4EBF-A011-1AF050E241B7}.Release|x86.ActiveCfg = Release|Any CPU
		{486B42BB-D014-4EBF-A011-1AF050E241B7}.Release|x86.Build.0 = Release|Any CPU
		{A83A6824-5122-44D3-B05F-C4E9181085A5}.Debug|Any CPU.ActiveCfg = Debug|Any CPU
		{A83A6824-5122-44D3-B05F-C4E9181085A5}.Debug|Any CPU.Build.0 = Debug|Any CPU
		{A83A6824-5122-44D3-B05F-C4E9181085A5}.Debug|Any CPU.Deploy.0 = Debug|Any CPU
		{A83A6824-5122-44D3-B05F-C4E9181085A5}.Debug|x64.ActiveCfg = Debug|Any CPU
		{A83A6824-5122-44D3-B05F-C4E9181085A5}.Debug|x64.Build.0 = Debug|Any CPU
		{A83A6824-5122-44D3-B05F-C4E9181085A5}.Debug|x64.Deploy.0 = Debug|Any CPU
		{A83A6824-5122-44D3-B05F-C4E9181085A5}.Debug|x86.ActiveCfg = Debug|Any CPU
		{A83A6824-5122-44D3-B05F-C4E9181085A5}.Debug|x86.Build.0 = Debug|Any CPU
		{A83A6824-5122-44D3-B05F-C4E9181085A5}.Debug|x86.Deploy.0 = Debug|Any CPU
		{A83A6824-5122-44D3-B05F-C4E9181085A5}.Release|Any CPU.ActiveCfg = Release|Any CPU
		{A83A6824-5122-44D3-B05F-C4E9181085A5}.Release|Any CPU.Build.0 = Release|Any CPU
		{A83A6824-5122-44D3-B05F-C4E9181085A5}.Release|Any CPU.Deploy.0 = Release|Any CPU
		{A83A6824-5122-44D3-B05F-C4E9181085A5}.Release|x64.ActiveCfg = Release|Any CPU
		{A83A6824-5122-44D3-B05F-C4E9181085A5}.Release|x64.Build.0 = Release|Any CPU
		{A83A6824-5122-44D3-B05F-C4E9181085A5}.Release|x64.Deploy.0 = Release|Any CPU
		{A83A6824-5122-44D3-B05F-C4E9181085A5}.Release|x86.ActiveCfg = Release|Any CPU
		{A83A6824-5122-44D3-B05F-C4E9181085A5}.Release|x86.Build.0 = Release|Any CPU
		{A83A6824-5122-44D3-B05F-C4E9181085A5}.Release|x86.Deploy.0 = Release|Any CPU
	EndGlobalSection
	GlobalSection(SolutionProperties) = preSolution
		HideSolutionNode = FALSE
	EndGlobalSection
	GlobalSection(NestedProjects) = preSolution
		{C32CA506-40CB-4441-AE07-C44F9246FF27} = {32F120DA-901A-494E-9266-4C99E2F9D044}
		{36E2B67D-3771-4DFD-A0E5-AE74583B205F} = {42019BBC-F2F5-4EB6-B40E-EBDD30FB10E5}
		{3F3AE1AC-38B0-4A9E-BF1B-2931755C8A6A} = {C32CA506-40CB-4441-AE07-C44F9246FF27}
	EndGlobalSection
	GlobalSection(ExtensibilityGlobals) = postSolution
		SolutionGuid = {6894991F-9218-4EAE-B8CF-3BD7CB25BBDE}
	EndGlobalSection
EndGlobal
